
Microsoft Visual Studio Solution File, Format Version 12.00
# Visual Studio Version 17
VisualStudioVersion = 17.5.33516.290
MinimumVisualStudioVersion = 10.0.40219.1
Project("{FAE04EC0-301F-11D3-BF4B-00C04F79EFBC}") = "23-0508_Creating Model Elements_23", "23-0508_Creating Model Elements_23\23-0508_Creating Model Elements_23.csproj", "{85C88925-73A6-432F-812D-FF0F6779D754}"
EndProject
Global
	GlobalSection(SolutionConfigurationPlatforms) = preSolution
		Debug|Any CPU = Debug|Any CPU
		Release|Any CPU = Release|Any CPU
	EndGlobalSection
	GlobalSection(ProjectConfigurationPlatforms) = postSolution
		{85C88925-73A6-432F-812D-FF0F6779D754}.Debug|Any CPU.ActiveCfg = Debug|Any CPU
		{85C88925-73A6-432F-812D-FF0F6779D754}.Debug|Any CPU.Build.0 = Debug|Any CPU
		{85C88925-73A6-432F-812D-FF0F6779D754}.Release|Any CPU.ActiveCfg = Release|Any CPU
		{85C88925-73A6-432F-812D-FF0F6779D754}.Release|Any CPU.Build.0 = Release|Any CPU
	EndGlobalSection
	GlobalSection(SolutionProperties) = preSolution
		HideSolutionNode = FALSE
	EndGlobalSection
	GlobalSection(ExtensibilityGlobals) = postSolution
		SolutionGuid = {EEA4A7E6-E584-402A-B0C6-5B874B1D70F3}
	EndGlobalSection
EndGlobal
